
Microsoft Visual Studio Solution File, Format Version 12.00
# Visual Studio 15
VisualStudioVersion = 15.0.27428.2043
MinimumVisualStudioVersion = 10.0.40219.1
Project("{FAE04EC0-301F-11D3-BF4B-00C04F79EFBC}") = "Ex03.ConsoleUI", "Ex03.ConsoleUI\Ex03.ConsoleUI.csproj", "{CDB082FE-1A28-4A3F-9A7F-FD0821ED6DB9}"
EndProject
Project("{FAE04EC0-301F-11D3-BF4B-00C04F79EFBC}") = "Ex03.GarageLogic", "Ex03.GarageLogic\Ex03.GarageLogic.csproj", "{D06F1A45-0DEA-4EA7-A7B6-3C46BDBAF321}"
EndProject
Project("{2150E333-8FDC-42A3-9474-1A3956D46DE8}") = "Solution Items", "Solution Items", "{ACBB6B9F-B875-4B21-8577-26292DB793CD}"
	ProjectSection(SolutionItems) = preProject
		C16 Ex03 Amit 304996507 Eden 200315596.docx = C16 Ex03 Amit 304996507 Eden 200315596.docx
		ReadMe.txt = ReadMe.txt
	EndProjectSection
EndProject
Global
	GlobalSection(SolutionConfigurationPlatforms) = preSolution
		Debug|Any CPU = Debug|Any CPU
		Debug|x64 = Debug|x64
		Debug|x86 = Debug|x86
		Release|Any CPU = Release|Any CPU
		Release|x64 = Release|x64
		Release|x86 = Release|x86
	EndGlobalSection
	GlobalSection(ProjectConfigurationPlatforms) = postSolution
		{CDB082FE-1A28-4A3F-9A7F-FD0821ED6DB9}.Debug|Any CPU.ActiveCfg = Debug|Any CPU
		{CDB082FE-1A28-4A3F-9A7F-FD0821ED6DB9}.Debug|Any CPU.Build.0 = Debug|Any CPU
		{CDB082FE-1A28-4A3F-9A7F-FD0821ED6DB9}.Debug|x64.ActiveCfg = Debug|Any CPU
		{CDB082FE-1A28-4A3F-9A7F-FD0821ED6DB9}.Debug|x64.Build.0 = Debug|Any CPU
		{CDB082FE-1A28-4A3F-9A7F-FD0821ED6DB9}.Debug|x86.ActiveCfg = Debug|Any CPU
		{CDB082FE-1A28-4A3F-9A7F-FD0821ED6DB9}.Debug|x86.Build.0 = Debug|Any CPU
		{CDB082FE-1A28-4A3F-9A7F-FD0821ED6DB9}.Release|Any CPU.ActiveCfg = Release|Any CPU
		{CDB082FE-1A28-4A3F-9A7F-FD0821ED6DB9}.Release|Any CPU.Build.0 = Release|Any CPU
		{CDB082FE-1A28-4A3F-9A7F-FD0821ED6DB9}.Release|x64.ActiveCfg = Release|Any CPU
		{CDB082FE-1A28-4A3F-9A7F-FD0821ED6DB9}.Release|x64.Build.0 = Release|Any CPU
		{CDB082FE-1A28-4A3F-9A7F-FD0821ED6DB9}.Release|x86.ActiveCfg = Release|Any CPU
		{CDB082FE-1A28-4A3F-9A7F-FD0821ED6DB9}.Release|x86.Build.0 = Release|Any CPU
		{D06F1A45-0DEA-4EA7-A7B6-3C46BDBAF321}.Debug|Any CPU.ActiveCfg = Debug|Any CPU
		{D06F1A45-0DEA-4EA7-A7B6-3C46BDBAF321}.Debug|Any CPU.Build.0 = Debug|Any CPU
		{D06F1A45-0DEA-4EA7-A7B6-3C46BDBAF321}.Debug|x64.ActiveCfg = Debug|Any CPU
		{D06F1A45-0DEA-4EA7-A7B6-3C46BDBAF321}.Debug|x64.Build.0 = Debug|Any CPU
		{D06F1A45-0DEA-4EA7-A7B6-3C46BDBAF321}.Debug|x86.ActiveCfg = Debug|Any CPU
		{D06F1A45-0DEA-4EA7-A7B6-3C46BDBAF321}.Debug|x86.Build.0 = Debug|Any CPU
		{D06F1A45-0DEA-4EA7-A7B6-3C46BDBAF321}.Release|Any CPU.ActiveCfg = Release|Any CPU
		{D06F1A45-0DEA-4EA7-A7B6-3C46BDBAF321}.Release|Any CPU.Build.0 = Release|Any CPU
		{D06F1A45-0DEA-4EA7-A7B6-3C46BDBAF321}.Release|x64.ActiveCfg = Release|Any CPU
		{D06F1A45-0DEA-4EA7-A7B6-3C46BDBAF321}.Release|x64.Build.0 = Release|Any CPU
		{D06F1A45-0DEA-4EA7-A7B6-3C46BDBAF321}.Release|x86.ActiveCfg = Release|Any CPU
		{D06F1A45-0DEA-4EA7-A7B6-3C46BDBAF321}.Release|x86.Build.0 = Release|Any CPU
	EndGlobalSection
	GlobalSection(SolutionProperties) = preSolution
		HideSolutionNode = FALSE
	EndGlobalSection
	GlobalSection(ExtensibilityGlobals) = postSolution
		SolutionGuid = {2BA6987E-8AEC-4AED-80F3-04E56E316B09}
	EndGlobalSection
EndGlobal
